
Microsoft Visual Studio Solution File, Format Version 12.00
# Visual Studio Version 17
VisualStudioVersion = 17.0.31912.275
MinimumVisualStudioVersion = 10.0.40219.1
Project("{FAE04EC0-301F-11D3-BF4B-00C04F79EFBC}") = "OperatorExcercise", "OperatorExcercise\OperatorExcercise.csproj", "{3C80F619-BFDF-4503-AA43-E74215C5F4AD}"
EndProject
Global
	GlobalSection(SolutionConfigurationPlatforms) = preSolution
		Debug|Any CPU = Debug|Any CPU
		Release|Any CPU = Release|Any CPU
	EndGlobalSection
	GlobalSection(ProjectConfigurationPlatforms) = postSolution
		{3C80F619-BFDF-4503-AA43-E74215C5F4AD}.Debug|Any CPU.ActiveCfg = Debug|Any CPU
		{3C80F619-BFDF-4503-AA43-E74215C5F4AD}.Debug|Any CPU.Build.0 = Debug|Any CPU
		{3C80F619-BFDF-4503-AA43-E74215C5F4AD}.Release|Any CPU.ActiveCfg = Release|Any CPU
		{3C80F619-BFDF-4503-AA43-E74215C5F4AD}.Release|Any CPU.Build.0 = Release|Any CPU
	EndGlobalSection
	GlobalSection(SolutionProperties) = preSolution
		HideSolutionNode = FALSE
	EndGlobalSection
	GlobalSection(ExtensibilityGlobals) = postSolution
		SolutionGuid = {873E0D0E-7D2D-49EA-AF16-027F22B4C901}
	EndGlobalSection
EndGlobal
